
Microsoft Visual Studio Solution File, Format Version 12.00
# Visual Studio 15
VisualStudioVersion = 15.0.27428.2037
MinimumVisualStudioVersion = 10.0.40219.1
Project("{FAE04EC0-301F-11D3-BF4B-00C04F79EFBC}") = "crudStoreProcedure", "crudStoreProcedure\crudStoreProcedure.csproj", "{B230854D-DEAD-45C7-AB2A-9EB283FFCF4B}"
EndProject
Project("{FAE04EC0-301F-11D3-BF4B-00C04F79EFBC}") = "DataAccess", "DataAccess\DataAccess.csproj", "{B41890DB-1D0A-4805-983A-FB25D6A17886}"
EndProject
Project("{FAE04EC0-301F-11D3-BF4B-00C04F79EFBC}") = "Entities", "Entities\Entities.csproj", "{056A3651-9CFF-4375-91ED-99941C9240AF}"
EndProject
Global
	GlobalSection(SolutionConfigurationPlatforms) = preSolution
		Debug|Any CPU = Debug|Any CPU
		Release|Any CPU = Release|Any CPU
	EndGlobalSection
	GlobalSection(ProjectConfigurationPlatforms) = postSolution
		{B230854D-DEAD-45C7-AB2A-9EB283FFCF4B}.Debug|Any CPU.ActiveCfg = Debug|Any CPU
		{B230854D-DEAD-45C7-AB2A-9EB283FFCF4B}.Debug|Any CPU.Build.0 = Debug|Any CPU
		{B230854D-DEAD-45C7-AB2A-9EB283FFCF4B}.Release|Any CPU.ActiveCfg = Release|Any CPU
		{B230854D-DEAD-45C7-AB2A-9EB283FFCF4B}.Release|Any CPU.Build.0 = Release|Any CPU
		{B41890DB-1D0A-4805-983A-FB25D6A17886}.Debug|Any CPU.ActiveCfg = Debug|Any CPU
		{B41890DB-1D0A-4805-983A-FB25D6A17886}.Debug|Any CPU.Build.0 = Debug|Any CPU
		{B41890DB-1D0A-4805-983A-FB25D6A17886}.Release|Any CPU.ActiveCfg = Release|Any CPU
		{B41890DB-1D0A-4805-983A-FB25D6A17886}.Release|Any CPU.Build.0 = Release|Any CPU
		{056A3651-9CFF-4375-91ED-99941C9240AF}.Debug|Any CPU.ActiveCfg = Debug|Any CPU
		{056A3651-9CFF-4375-91ED-99941C9240AF}.Debug|Any CPU.Build.0 = Debug|Any CPU
		{056A3651-9CFF-4375-91ED-99941C9240AF}.Release|Any CPU.ActiveCfg = Release|Any CPU
		{056A3651-9CFF-4375-91ED-99941C9240AF}.Release|Any CPU.Build.0 = Release|Any CPU
	EndGlobalSection
	GlobalSection(SolutionProperties) = preSolution
		HideSolutionNode = FALSE
	EndGlobalSection
	GlobalSection(ExtensibilityGlobals) = postSolution
		SolutionGuid = {E5D5EC72-6B9F-4BB3-8D34-DD7E32A78326}
	EndGlobalSection
EndGlobal
